
Microsoft Visual Studio Solution File, Format Version 12.00
# Visual Studio 15
VisualStudioVersion = 15.0.26430.16
MinimumVisualStudioVersion = 10.0.40219.1
Project("{FAE04EC0-301F-11D3-BF4B-00C04F79EFBC}") = "Golem", "Golem\Golem.csproj", "{2973F4FB-AD34-453D-B1D5-CC5B3D4A54C1}"
EndProject
Project("{FAE04EC0-301F-11D3-BF4B-00C04F79EFBC}") = "Capsicum", "..\Capsicum\Capsicum\Capsicum.csproj", "{15FC1429-8161-4A89-A1E1-5AF4C8AA134A}"
EndProject
Project("{FAE04EC0-301F-11D3-BF4B-00C04F79EFBC}") = "Golem.Database", "Golem.Database\Golem.Database.csproj", "{C22D7108-E250-41EA-9363-E9E61D0DD9B6}"
EndProject
Project("{2150E333-8FDC-42A3-9474-1A3956D46DE8}") = "Lib", "Lib", "{A1D12B33-4569-4A6A-A7BD-D27715E0AB30}"
EndProject
Global
	GlobalSection(SolutionConfigurationPlatforms) = preSolution
		Debug|Any CPU = Debug|Any CPU
		Release|Any CPU = Release|Any CPU
	EndGlobalSection
	GlobalSection(ProjectConfigurationPlatforms) = postSolution
		{2973F4FB-AD34-453D-B1D5-CC5B3D4A54C1}.Debug|Any CPU.ActiveCfg = Debug|Any CPU
		{2973F4FB-AD34-453D-B1D5-CC5B3D4A54C1}.Debug|Any CPU.Build.0 = Debug|Any CPU
		{2973F4FB-AD34-453D-B1D5-CC5B3D4A54C1}.Release|Any CPU.ActiveCfg = Release|Any CPU
		{2973F4FB-AD34-453D-B1D5-CC5B3D4A54C1}.Release|Any CPU.Build.0 = Release|Any CPU
		{15FC1429-8161-4A89-A1E1-5AF4C8AA134A}.Debug|Any CPU.ActiveCfg = Debug|Any CPU
		{15FC1429-8161-4A89-A1E1-5AF4C8AA134A}.Debug|Any CPU.Build.0 = Debug|Any CPU
		{15FC1429-8161-4A89-A1E1-5AF4C8AA134A}.Release|Any CPU.ActiveCfg = Release|Any CPU
		{15FC1429-8161-4A89-A1E1-5AF4C8AA134A}.Release|Any CPU.Build.0 = Release|Any CPU
		{C22D7108-E250-41EA-9363-E9E61D0DD9B6}.Debug|Any CPU.ActiveCfg = Debug|Any CPU
		{C22D7108-E250-41EA-9363-E9E61D0DD9B6}.Debug|Any CPU.Build.0 = Debug|Any CPU
		{C22D7108-E250-41EA-9363-E9E61D0DD9B6}.Release|Any CPU.ActiveCfg = Release|Any CPU
		{C22D7108-E250-41EA-9363-E9E61D0DD9B6}.Release|Any CPU.Build.0 = Release|Any CPU
	EndGlobalSection
	GlobalSection(SolutionProperties) = preSolution
		HideSolutionNode = FALSE
	EndGlobalSection
	GlobalSection(NestedProjects) = preSolution
		{15FC1429-8161-4A89-A1E1-5AF4C8AA134A} = {A1D12B33-4569-4A6A-A7BD-D27715E0AB30}
	EndGlobalSection
EndGlobal
